
Microsoft Visual Studio Solution File, Format Version 12.00
# Visual Studio 15
VisualStudioVersion = 15.0.26430.13
MinimumVisualStudioVersion = 10.0.40219.1
Project("{FAE04EC0-301F-11D3-BF4B-00C04F79EFBC}") = "BasicRestClient", "BasicHttpClient\BasicRestClient.csproj", "{6382BB54-B5E1-4827-85EA-3F13F4AC90E6}"
EndProject
Project("{FAE04EC0-301F-11D3-BF4B-00C04F79EFBC}") = "BasicRestClient.Demo", "BasicRestClient.Demo\BasicRestClient.Demo.csproj", "{8A22695E-9807-434E-8A29-1D95F0A43AD6}"
EndProject
Project("{2150E333-8FDC-42A3-9474-1A3956D46DE8}") = "Solution Items", "Solution Items", "{1F1B7FFE-7E42-4776-B1C8-B3D10E897AEF}"
	ProjectSection(SolutionItems) = preProject
		Readme.md = Readme.md
	EndProjectSection
EndProject
Project("{FAE04EC0-301F-11D3-BF4B-00C04F79EFBC}") = "BasicHttpClient.Test", "BasicHttpClient.Test\BasicHttpClient.Test.csproj", "{609D5B45-788F-49B1-8524-8EDE10643E4A}"
EndProject
Global
	GlobalSection(SolutionConfigurationPlatforms) = preSolution
		Debug|Any CPU = Debug|Any CPU
		Release|Any CPU = Release|Any CPU
	EndGlobalSection
	GlobalSection(ProjectConfigurationPlatforms) = postSolution
		{6382BB54-B5E1-4827-85EA-3F13F4AC90E6}.Debug|Any CPU.ActiveCfg = Debug|Any CPU
		{6382BB54-B5E1-4827-85EA-3F13F4AC90E6}.Debug|Any CPU.Build.0 = Debug|Any CPU
		{6382BB54-B5E1-4827-85EA-3F13F4AC90E6}.Release|Any CPU.ActiveCfg = Release|Any CPU
		{6382BB54-B5E1-4827-85EA-3F13F4AC90E6}.Release|Any CPU.Build.0 = Release|Any CPU
		{8A22695E-9807-434E-8A29-1D95F0A43AD6}.Debug|Any CPU.ActiveCfg = Debug|Any CPU
		{8A22695E-9807-434E-8A29-1D95F0A43AD6}.Debug|Any CPU.Build.0 = Debug|Any CPU
		{8A22695E-9807-434E-8A29-1D95F0A43AD6}.Release|Any CPU.ActiveCfg = Release|Any CPU
		{8A22695E-9807-434E-8A29-1D95F0A43AD6}.Release|Any CPU.Build.0 = Release|Any CPU
		{609D5B45-788F-49B1-8524-8EDE10643E4A}.Debug|Any CPU.ActiveCfg = Debug|Any CPU
		{609D5B45-788F-49B1-8524-8EDE10643E4A}.Debug|Any CPU.Build.0 = Debug|Any CPU
		{609D5B45-788F-49B1-8524-8EDE10643E4A}.Release|Any CPU.ActiveCfg = Release|Any CPU
		{609D5B45-788F-49B1-8524-8EDE10643E4A}.Release|Any CPU.Build.0 = Release|Any CPU
	EndGlobalSection
	GlobalSection(SolutionProperties) = preSolution
		HideSolutionNode = FALSE
	EndGlobalSection
EndGlobal
